<?xml version="1.0" encoding="utf-8"?>
<Project ToolsVersion="4.0" xmlns="http://schemas.microsoft.com/developer/msbuild/2003">
  <ItemGroup>
    <Filter Include="SoftRender">
      <UniqueIdentifier>{93995380-89BD-4b04-88EB-625FBE52EBFB}</UniqueIdentifier>
      <Extensions>h;hh;hpp;hxx;hm;inl;inc;xsd</Extensions>
    </Filter>
    <Filter Include="SoftRender\Utilities">
      <UniqueIdentifier>{d716c080-b353-4915-b092-7af3df08a6c8}</UniqueIdentifier>
    </Filter>
    <Filter Include="SoftRender\Camera">
      <UniqueIdentifier>{90555f19-14fa-471a-a335-4aef0cfa1c69}</UniqueIdentifier>
    </Filter>
    <Filter Include="SoftRender\Input">
      <UniqueIdentifier>{3570a438-c552-4af7-80f2-8c6c31b29048}</UniqueIdentifier>
    </Filter>
    <Filter Include="SoftRender\Pipeline">
      <UniqueIdentifier>{1fa3bda8-4589-43da-9765-89c02522d485}</UniqueIdentifier>
    </Filter>
    <Filter Include="SoftRender\Pipeline\ImgBuffers">
      <UniqueIdentifier>{62b4bfc1-61ca-4f24-ab1c-0135331376df}</UniqueIdentifier>
    </Filter>
    <Filter Include="SoftRender\Pipeline\Shaders">
      <UniqueIdentifier>{3131560c-72cc-4a77-bcec-82105ca2d296}</UniqueIdentifier>
    </Filter>
    <Filter Include="SoftRender\Pipeline\Utilities">
      <UniqueIdentifier>{c745b497-a658-41b4-b877-da4c6103a0de}</UniqueIdentifier>
    </Filter>
    <Filter Include="SoftRender\Scene">
      <UniqueIdentifier>{5e2620c1-3acb-4c04-9e70-d834619d907d}</UniqueIdentifier>
    </Filter>
    <Filter Include="SoftRender\Pipeline\Rasterizer">
      <UniqueIdentifier>{4f44eb99-717f-47c6-b4e3-74f3126df6b8}</UniqueIdentifier>
    </Filter>
    <Filter Include="SoftRender\Debug">
      <UniqueIdentifier>{deb9baf9-c950-4d42-a805-9befdcc2c2e6}</UniqueIdentifier>
    </Filter>
    <Filter Include="SoftRender\Pipeline\Light">
      <UniqueIdentifier>{6854c95d-3fb8-4ffe-a768-69d0119c8fe2}</UniqueIdentifier>
    </Filter>
    <Filter Include="Animator">
      <UniqueIdentifier>{816a8e0b-7e71-489f-b4f8-1a64b3be49e7}</UniqueIdentifier>
    </Filter>
    <Filter Include="TestBed">
      <UniqueIdentifier>{4FC737F1-C7A5-4376-A066-2A32D752A2FF}</UniqueIdentifier>
      <Extensions>cpp;c;cc;cxx;def;odl;idl;hpj;bat;asm;asmx</Extensions>
    </Filter>
    <Filter Include="SoftRender\Models">
      <UniqueIdentifier>{33154c1d-39d6-4b6d-abf1-86096ed63784}</UniqueIdentifier>
    </Filter>
  </ItemGroup>
  <ItemGroup>
    <ClCompile Include="JMath.cpp">
      <Filter>SoftRender\Utilities</Filter>
    </ClCompile>
    <ClCompile Include="JTime.cpp">
      <Filter>SoftRender\Utilities</Filter>
    </ClCompile>
    <ClCompile Include="BitMap.cpp">
      <Filter>SoftRender\Utilities</Filter>
    </ClCompile>
    <ClCompile Include="Camera.cpp">
      <Filter>SoftRender\Camera</Filter>
    </ClCompile>
    <ClCompile Include="InputEvent.cpp">
      <Filter>SoftRender\Input</Filter>
    </ClCompile>
    <ClCompile Include="Color.cpp">
      <Filter>SoftRender\Utilities</Filter>
    </ClCompile>
    <ClCompile Include="Scene.cpp">
      <Filter>SoftRender\Scene</Filter>
    </ClCompile>
    <ClCompile Include="RenderManager.cpp">
      <Filter>SoftRender\Pipeline</Filter>
    </ClCompile>
    <ClCompile Include="TexManager.cpp">
      <Filter>SoftRender\Pipeline\ImgBuffers</Filter>
    </ClCompile>
    <ClCompile Include="framework.cpp">
      <Filter>TestBed</Filter>
    </ClCompile>
    <ClCompile Include="ShaderManager.cpp">
      <Filter>SoftRender\Pipeline\Shaders</Filter>
    </ClCompile>
    <ClCompile Include="TexBuffer.cpp">
      <Filter>SoftRender\Pipeline\ImgBuffers</Filter>
    </ClCompile>
    <ClCompile Include="ABuffer.cpp">
      <Filter>SoftRender\Pipeline\ImgBuffers</Filter>
    </ClCompile>
    <ClCompile Include="Mesh.cpp">
      <Filter>SoftRender\Models</Filter>
    </ClCompile>
    <ClCompile Include="StructReflection.cpp">
      <Filter>SoftRender\Pipeline\Utilities</Filter>
    </ClCompile>
    <ClCompile Include="StructMeta.cpp">
      <Filter>TestBed</Filter>
    </ClCompile>
    <ClCompile Include="VertexUtilities.cpp">
      <Filter>SoftRender\Pipeline\Utilities</Filter>
    </ClCompile>
    <ClCompile Include="LightingShader.cpp">
      <Filter>TestBed</Filter>
    </ClCompile>
    <ClCompile Include="Rasterizer.cpp">
      <Filter>SoftRender\Pipeline\Rasterizer</Filter>
    </ClCompile>
    <ClCompile Include="DebugGUI.cpp">
      <Filter>SoftRender\Debug</Filter>
    </ClCompile>
    <ClCompile Include="PointCamera.cpp">
      <Filter>SoftRender\Camera</Filter>
    </ClCompile>
    <ClCompile Include="CameraManager.cpp">
      <Filter>SoftRender\Camera</Filter>
    </ClCompile>
    <ClCompile Include="SimpleBrush.cpp">
      <Filter>SoftRender\Utilities</Filter>
    </ClCompile>
    <ClCompile Include="Material.cpp">
      <Filter>SoftRender\Models</Filter>
    </ClCompile>
    <ClCompile Include="Light.cpp">
      <Filter>SoftRender\Pipeline\Light</Filter>
    </ClCompile>
    <ClCompile Include="SkinnedMesh.cpp">
      <Filter>SoftRender\Models</Filter>
    </ClCompile>
  </ItemGroup>
  <ItemGroup>
    <ClInclude Include="JMath.h">
      <Filter>SoftRender\Utilities</Filter>
    </ClInclude>
    <ClInclude Include="JTime.h">
      <Filter>SoftRender\Utilities</Filter>
    </ClInclude>
    <ClInclude Include="BitMap.h">
      <Filter>SoftRender\Utilities</Filter>
    </ClInclude>
    <ClInclude Include="Camera.h">
      <Filter>SoftRender\Camera</Filter>
    </ClInclude>
    <ClInclude Include="InputEvent.h">
      <Filter>SoftRender\Input</Filter>
    </ClInclude>
    <ClInclude Include="Color.h">
      <Filter>SoftRender\Utilities</Filter>
    </ClInclude>
    <ClInclude Include="Scene.h">
      <Filter>SoftRender\Scene</Filter>
    </ClInclude>
    <ClInclude Include="RenderManager.h">
      <Filter>SoftRender\Pipeline</Filter>
    </ClInclude>
    <ClInclude Include="ABuffer.h">
      <Filter>SoftRender\Pipeline\ImgBuffers</Filter>
    </ClInclude>
    <ClInclude Include="TexManager.h">
      <Filter>SoftRender\Pipeline\ImgBuffers</Filter>
    </ClInclude>
    <ClInclude Include="TexBuffer.h">
      <Filter>SoftRender\Pipeline\ImgBuffers</Filter>
    </ClInclude>
    <ClInclude Include="ShaderManager.h">
      <Filter>SoftRender\Pipeline\Shaders</Filter>
    </ClInclude>
    <ClInclude Include="VertexUtilities.h">
      <Filter>SoftRender\Pipeline\Utilities</Filter>
    </ClInclude>
    <ClInclude Include="Model.h">
      <Filter>SoftRender\Models</Filter>
    </ClInclude>
    <ClInclude Include="Mesh.h">
      <Filter>SoftRender\Models</Filter>
    </ClInclude>
    <ClInclude Include="ShaderStruct.h">
      <Filter>SoftRender\Pipeline\Shaders</Filter>
    </ClInclude>
    <ClInclude Include="LightingShader.h">
      <Filter>TestBed</Filter>
    </ClInclude>
    <ClInclude Include="TestVertex.h">
      <Filter>TestBed</Filter>
    </ClInclude>
    <ClInclude Include="TestModel.h">
      <Filter>TestBed</Filter>
    </ClInclude>
    <ClInclude Include="StructReflection.h">
      <Filter>SoftRender\Pipeline\Utilities</Filter>
    </ClInclude>
    <ClInclude Include="StructMeta.h">
      <Filter>TestBed</Filter>
    </ClInclude>
    <ClInclude Include="TestMesh.h">
      <Filter>TestBed</Filter>
    </ClInclude>
    <ClInclude Include="Rasterizer.h">
      <Filter>SoftRender\Pipeline\Rasterizer</Filter>
    </ClInclude>
    <ClInclude Include="DebugGUI.h">
      <Filter>SoftRender\Debug</Filter>
    </ClInclude>
    <ClInclude Include="PointCamera.h">
      <Filter>SoftRender\Camera</Filter>
    </ClInclude>
    <ClInclude Include="CameraManager.h">
      <Filter>SoftRender\Camera</Filter>
    </ClInclude>
    <ClInclude Include="SimpleBrush.h">
      <Filter>SoftRender\Utilities</Filter>
    </ClInclude>
    <ClInclude Include="VertexBuffer.h">
      <Filter>SoftRender\Models</Filter>
    </ClInclude>
    <ClInclude Include="Material.h">
      <Filter>SoftRender\Models</Filter>
    </ClInclude>
    <ClInclude Include="Light.h">
      <Filter>SoftRender\Pipeline\Light</Filter>
    </ClInclude>
    <ClInclude Include="Skeleton.h">
      <Filter>Animator</Filter>
    </ClInclude>
    <ClInclude Include="SkinnedMesh.h">
      <Filter>SoftRender\Models</Filter>
    </ClInclude>
    <ClInclude Include="Animator.h">
      <Filter>Animator</Filter>
    </ClInclude>
    <ClInclude Include="TestSkinnedModel.h">
      <Filter>TestBed</Filter>
    </ClInclude>
    <ClInclude Include="TestSkinnedVertex.h">
      <Filter>TestBed</Filter>
    </ClInclude>
    <ClInclude Include="TestSkinnedMesh.h">
      <Filter>TestBed</Filter>
    </ClInclude>
    <ClInclude Include="VertexBone.h">
      <Filter>Animator</Filter>
    </ClInclude>
  </ItemGroup>
</Project>